
Microsoft Visual Studio Solution File, Format Version 12.00
# Visual Studio 14
VisualStudioVersion = 14.0.23107.0
MinimumVisualStudioVersion = 10.0.40219.1
Project("{FAE04EC0-301F-11D3-BF4B-00C04F79EFBC}") = "Utecproject", "UtecProject\Utecproject.csproj", "{4A17C475-1489-4CF4-97D7-3C10E2E3C5B5}"
	ProjectSection(ProjectDependencies) = postProject
		{84E76781-FB62-4BAA-9235-B7D5FC2A4573} = {84E76781-FB62-4BAA-9235-B7D5FC2A4573}
	EndProjectSection
EndProject
Project("{E24C65DC-7377-472B-9ABA-BC803B73C61A}") = "WebService", "WebService\", "{84E76781-FB62-4BAA-9235-B7D5FC2A4573}"
	ProjectSection(WebsiteProperties) = preProject
		TargetFrameworkMoniker = ".NETFramework,Version%3Dv4.5.2"
		Debug.AspNetCompiler.VirtualPath = "/localhost_50435"
		Debug.AspNetCompiler.PhysicalPath = "WebService\"
		Debug.AspNetCompiler.TargetPath = "PrecompiledWeb\localhost_50435\"
		Debug.AspNetCompiler.Updateable = "true"
		Debug.AspNetCompiler.ForceOverwrite = "true"
		Debug.AspNetCompiler.FixedNames = "false"
		Debug.AspNetCompiler.Debug = "True"
		Release.AspNetCompiler.VirtualPath = "/localhost_50435"
		Release.AspNetCompiler.PhysicalPath = "WebService\"
		Release.AspNetCompiler.TargetPath = "PrecompiledWeb\localhost_50435\"
		Release.AspNetCompiler.Updateable = "true"
		Release.AspNetCompiler.ForceOverwrite = "true"
		Release.AspNetCompiler.FixedNames = "false"
		Release.AspNetCompiler.Debug = "False"
		VWDPort = "50435"
		SlnRelativePath = "WebService\"
	EndProjectSection
EndProject
Global
	GlobalSection(SolutionConfigurationPlatforms) = preSolution
		Debug|Any CPU = Debug|Any CPU
		Release|Any CPU = Release|Any CPU
	EndGlobalSection
	GlobalSection(ProjectConfigurationPlatforms) = postSolution
		{4A17C475-1489-4CF4-97D7-3C10E2E3C5B5}.Debug|Any CPU.ActiveCfg = Debug|Any CPU
		{4A17C475-1489-4CF4-97D7-3C10E2E3C5B5}.Debug|Any CPU.Build.0 = Debug|Any CPU
		{4A17C475-1489-4CF4-97D7-3C10E2E3C5B5}.Release|Any CPU.ActiveCfg = Release|Any CPU
		{4A17C475-1489-4CF4-97D7-3C10E2E3C5B5}.Release|Any CPU.Build.0 = Release|Any CPU
		{84E76781-FB62-4BAA-9235-B7D5FC2A4573}.Debug|Any CPU.ActiveCfg = Debug|Any CPU
		{84E76781-FB62-4BAA-9235-B7D5FC2A4573}.Debug|Any CPU.Build.0 = Debug|Any CPU
		{84E76781-FB62-4BAA-9235-B7D5FC2A4573}.Release|Any CPU.ActiveCfg = Debug|Any CPU
		{84E76781-FB62-4BAA-9235-B7D5FC2A4573}.Release|Any CPU.Build.0 = Debug|Any CPU
	EndGlobalSection
	GlobalSection(SolutionProperties) = preSolution
		HideSolutionNode = FALSE
	EndGlobalSection
EndGlobal
